{
  "projects": [
    {
      "projectId": "sqPBLwEBBKHA2WDuGb17eV",
      "version": "2.1.0",
      "dependencies": {},
      "lang": "js",
      "fileLocks": [
        {
          "assetId": "sqPBLwEBBKHA2WDuGb17eV",
          "type": "projectCss",
          "checksum": "e1ec850476829c38b0f9b6d4f7ac446a"
        },
        {
          "type": "renderModule",
          "assetId": "5nirPCGmCnRD",
          "checksum": "fd3c1fb813e8dbcf8e71b8e58c2f542a"
        },
        {
          "type": "cssRules",
          "assetId": "5nirPCGmCnRD",
          "checksum": "fd3c1fb813e8dbcf8e71b8e58c2f542a"
        },
        {
          "type": "icon",
          "assetId": "Wyt3GMMsLefj",
          "checksum": "d2b1886763aa016780501d0c22f50b5e"
        },
        {
          "type": "icon",
          "assetId": "MbDRsJU0e3bw",
          "checksum": "92672aa6935120ebaac11939d8d127bb"
        }
      ],
      "codegenVersion": "0.0.1"
    },
    {
      "projectId": "8ozBW4uAVqTFB3X2H9YHuB",
      "version": "latest",
      "dependencies": {
        "sqPBLwEBBKHA2WDuGb17eV": "2.1.0",
        "r3ASNrnyvLLLAtDvzUioQ": "4.6.0"
      },
      "lang": "js",
      "fileLocks": [
        {
          "type": "globalVariant",
          "assetId": "JnMzM2_S33Dx",
          "checksum": "1a4e5fc9f74464cd58e1ffeb1123b0b5"
        },
        {
          "type": "renderModule",
          "assetId": "YXVm4dGfJVV4",
          "checksum": "c85d4417bf4db4c28bde33f4730d88ee"
        },
        {
          "type": "cssRules",
          "assetId": "YXVm4dGfJVV4",
          "checksum": "c85d4417bf4db4c28bde33f4730d88ee"
        },
        {
          "type": "renderModule",
          "assetId": "yDJluwWq9HjM",
          "checksum": "e78c5afeb4ab0f4fe56d8ac7d41bfb2e"
        },
        {
          "type": "cssRules",
          "assetId": "yDJluwWq9HjM",
          "checksum": "e78c5afeb4ab0f4fe56d8ac7d41bfb2e"
        },
        {
          "type": "renderModule",
          "assetId": "pPq4CajPrBm0",
          "checksum": "39a57aa019145acbd8f02f01a0e0eb48"
        },
        {
          "type": "cssRules",
          "assetId": "pPq4CajPrBm0",
          "checksum": "39a57aa019145acbd8f02f01a0e0eb48"
        },
        {
          "type": "renderModule",
          "assetId": "AKPym4eRpe9r",
          "checksum": "bfd80ecee96debcac88066795a3eb11a"
        },
        {
          "type": "cssRules",
          "assetId": "AKPym4eRpe9r",
          "checksum": "bfd80ecee96debcac88066795a3eb11a"
        },
        {
          "type": "renderModule",
          "assetId": "JXMqttZtFxxW",
          "checksum": "9524dbc66514aa3f26413780f3395fdd"
        },
        {
          "type": "cssRules",
          "assetId": "JXMqttZtFxxW",
          "checksum": "9524dbc66514aa3f26413780f3395fdd"
        },
        {
          "type": "icon",
          "assetId": "2DRO3PAh9L7F",
          "checksum": "c30e5279aa389ae8fa3661cf8f40d967"
        },
        {
          "type": "icon",
          "assetId": "qdWt1NAD8uX2",
          "checksum": "8d308f57a021a57fdc618e986e10f590"
        },
        {
          "type": "icon",
          "assetId": "EzxsFe0Dg_ph",
          "checksum": "6301e1be7525d1433880bc143a0c95f8"
        },
        {
          "type": "icon",
          "assetId": "9uZ-rPKtEKrQ",
          "checksum": "4fd433673f4a4f14257fd0cb03babd0d"
        },
        {
          "type": "icon",
          "assetId": "xvMWbsHhzlxE",
          "checksum": "f658ca0e4521f34ba17b5a5cbaa6a5a1"
        },
        {
          "type": "icon",
          "assetId": "C1Z5uhZlxjTV",
          "checksum": "4e2b756cd5ffe07b9adce4c60ac58ab6"
        },
        {
          "type": "icon",
          "assetId": "qw4vxLtg7u2Z",
          "checksum": "44ae28edc0f960ab2a8df847063444bf"
        },
        {
          "type": "icon",
          "assetId": "2KC2rHpS0QCH",
          "checksum": "6ec8ed12cd44e99626dc5af5549db8da"
        },
        {
          "type": "icon",
          "assetId": "iNoA6wFkTEbi",
          "checksum": "4c6d05604e39796b3996d965a3ebb927"
        },
        {
          "type": "image",
          "assetId": "UYYwM9La9ZFq",
          "checksum": "b7abfff6a3b2f5b397963e0e95bb605a"
        },
        {
          "assetId": "8ozBW4uAVqTFB3X2H9YHuB",
          "type": "projectCss",
          "checksum": "a23d88d9f34079210e4312495e559542"
        }
      ],
      "codegenVersion": "0.0.1"
    },
    {
      "projectId": "r3ASNrnyvLLLAtDvzUioQ",
      "version": "4.6.0",
      "dependencies": {},
      "lang": "js",
      "fileLocks": [
        {
          "assetId": "r3ASNrnyvLLLAtDvzUioQ",
          "type": "projectCss",
          "checksum": "e1ec850476829c38b0f9b6d4f7ac446a"
        }
      ],
      "codegenVersion": "0.0.1"
    }
  ],
  "cliVersion": "0.1.334"
}
